{
  "name": "oop-and-ts-final-project-nyj",
  "lockfileVersion": 3,
  "requires": true,
  "packages": {
    "": {
      "dependencies": {
        "nanostores": "^0.11.3"
      }
    },
    "node_modules/nanostores": {
      "version": "0.11.3",
      "resolved": "https://registry.npmjs.org/nanostores/-/nanostores-0.11.3.tgz",
      "integrity": "sha512-TUes3xKIX33re4QzdxwZ6tdbodjmn3tWXCEc1uokiEmo14sI1EaGYNs2k3bU2pyyGNmBqFGAVl6jAGWd06AVIg==",
      "funding": [
        {
          "type": "github",
          "url": "https://github.com/sponsors/ai"
        }
      ],
      "engines": {
        "node": "^18.0.0 || >=20.0.0"
      }
    }
  }
}
